
Microsoft Visual Studio Solution File, Format Version 12.00
# Visual Studio Version 17
VisualStudioVersion = 17.10.35013.160
MinimumVisualStudioVersion = 10.0.40219.1
Project("{FAE04EC0-301F-11D3-BF4B-00C04F79EFBC}") = "02_Variables", "02_Variables\02_Variables.csproj", "{1E8366BB-F71B-4D31-9E55-4B0A5A03EB4E}"
EndProject
Project("{FAE04EC0-301F-11D3-BF4B-00C04F79EFBC}") = "03_MakingDecision", "..\03_MakingDecision\03_MakingDecision.csproj", "{070C7160-0C5D-4F1A-B7FD-4A9229356E46}"
EndProject
Project("{FAE04EC0-301F-11D3-BF4B-00C04F79EFBC}") = "04_Loop", "..\04_Loop\04_Loop.csproj", "{80F01F58-54E5-4A6E-ACE7-511FDB1D98CD}"
EndProject
Project("{FAE04EC0-301F-11D3-BF4B-00C04F79EFBC}") = "05_LoopProjects", "05_LoopProjects\05_LoopProjects.csproj", "{6868B653-8214-4C94-A7F4-48695676E32F}"
EndProject
Project("{FAE04EC0-301F-11D3-BF4B-00C04F79EFBC}") = "06_Arrays", "..\06_Arrays\06_Arrays.csproj", "{13343323-C8B5-4225-96FD-39A6A5DA4A04}"
EndProject
Project("{FAE04EC0-301F-11D3-BF4B-00C04F79EFBC}") = "07_ForeachLoop", "..\07_ForeachLoop\07_ForeachLoop.csproj", "{58D0333C-2A77-4B1C-92A2-F341F60F967F}"
EndProject
Project("{FAE04EC0-301F-11D3-BF4B-00C04F79EFBC}") = "08_Methods", "..\08_Methods\08_Methods.csproj", "{F388FDD5-EBD1-44BC-B9B6-AF0C706DF81E}"
EndProject
Project("{FAE04EC0-301F-11D3-BF4B-00C04F79EFBC}") = "09_DatabaseProject", "..\09_DatabaseProject\09_DatabaseProject.csproj", "{541FD7E3-1BDC-4ED5-B5CA-1C3D127BAA80}"
EndProject
Global
	GlobalSection(SolutionConfigurationPlatforms) = preSolution
		Debug|Any CPU = Debug|Any CPU
		Release|Any CPU = Release|Any CPU
	EndGlobalSection
	GlobalSection(ProjectConfigurationPlatforms) = postSolution
		{1E8366BB-F71B-4D31-9E55-4B0A5A03EB4E}.Debug|Any CPU.ActiveCfg = Debug|Any CPU
		{1E8366BB-F71B-4D31-9E55-4B0A5A03EB4E}.Debug|Any CPU.Build.0 = Debug|Any CPU
		{1E8366BB-F71B-4D31-9E55-4B0A5A03EB4E}.Release|Any CPU.ActiveCfg = Release|Any CPU
		{1E8366BB-F71B-4D31-9E55-4B0A5A03EB4E}.Release|Any CPU.Build.0 = Release|Any CPU
		{070C7160-0C5D-4F1A-B7FD-4A9229356E46}.Debug|Any CPU.ActiveCfg = Debug|Any CPU
		{070C7160-0C5D-4F1A-B7FD-4A9229356E46}.Debug|Any CPU.Build.0 = Debug|Any CPU
		{070C7160-0C5D-4F1A-B7FD-4A9229356E46}.Release|Any CPU.ActiveCfg = Release|Any CPU
		{070C7160-0C5D-4F1A-B7FD-4A9229356E46}.Release|Any CPU.Build.0 = Release|Any CPU
		{80F01F58-54E5-4A6E-ACE7-511FDB1D98CD}.Debug|Any CPU.ActiveCfg = Debug|Any CPU
		{80F01F58-54E5-4A6E-ACE7-511FDB1D98CD}.Debug|Any CPU.Build.0 = Debug|Any CPU
		{80F01F58-54E5-4A6E-ACE7-511FDB1D98CD}.Release|Any CPU.ActiveCfg = Release|Any CPU
		{80F01F58-54E5-4A6E-ACE7-511FDB1D98CD}.Release|Any CPU.Build.0 = Release|Any CPU
		{6868B653-8214-4C94-A7F4-48695676E32F}.Debug|Any CPU.ActiveCfg = Debug|Any CPU
		{6868B653-8214-4C94-A7F4-48695676E32F}.Debug|Any CPU.Build.0 = Debug|Any CPU
		{6868B653-8214-4C94-A7F4-48695676E32F}.Release|Any CPU.ActiveCfg = Release|Any CPU
		{6868B653-8214-4C94-A7F4-48695676E32F}.Release|Any CPU.Build.0 = Release|Any CPU
		{13343323-C8B5-4225-96FD-39A6A5DA4A04}.Debug|Any CPU.ActiveCfg = Debug|Any CPU
		{13343323-C8B5-4225-96FD-39A6A5DA4A04}.Debug|Any CPU.Build.0 = Debug|Any CPU
		{13343323-C8B5-4225-96FD-39A6A5DA4A04}.Release|Any CPU.ActiveCfg = Release|Any CPU
		{13343323-C8B5-4225-96FD-39A6A5DA4A04}.Release|Any CPU.Build.0 = Release|Any CPU
		{58D0333C-2A77-4B1C-92A2-F341F60F967F}.Debug|Any CPU.ActiveCfg = Debug|Any CPU
		{58D0333C-2A77-4B1C-92A2-F341F60F967F}.Debug|Any CPU.Build.0 = Debug|Any CPU
		{58D0333C-2A77-4B1C-92A2-F341F60F967F}.Release|Any CPU.ActiveCfg = Release|Any CPU
		{58D0333C-2A77-4B1C-92A2-F341F60F967F}.Release|Any CPU.Build.0 = Release|Any CPU
		{F388FDD5-EBD1-44BC-B9B6-AF0C706DF81E}.Debug|Any CPU.ActiveCfg = Debug|Any CPU
		{F388FDD5-EBD1-44BC-B9B6-AF0C706DF81E}.Debug|Any CPU.Build.0 = Debug|Any CPU
		{F388FDD5-EBD1-44BC-B9B6-AF0C706DF81E}.Release|Any CPU.ActiveCfg = Release|Any CPU
		{F388FDD5-EBD1-44BC-B9B6-AF0C706DF81E}.Release|Any CPU.Build.0 = Release|Any CPU
		{541FD7E3-1BDC-4ED5-B5CA-1C3D127BAA80}.Debug|Any CPU.ActiveCfg = Debug|Any CPU
		{541FD7E3-1BDC-4ED5-B5CA-1C3D127BAA80}.Debug|Any CPU.Build.0 = Debug|Any CPU
		{541FD7E3-1BDC-4ED5-B5CA-1C3D127BAA80}.Release|Any CPU.ActiveCfg = Release|Any CPU
		{541FD7E3-1BDC-4ED5-B5CA-1C3D127BAA80}.Release|Any CPU.Build.0 = Release|Any CPU
	EndGlobalSection
	GlobalSection(SolutionProperties) = preSolution
		HideSolutionNode = FALSE
	EndGlobalSection
	GlobalSection(ExtensibilityGlobals) = postSolution
		SolutionGuid = {ADCC372E-1682-4FDA-9356-79289775D5BB}
	EndGlobalSection
EndGlobal
